
Microsoft Visual Studio Solution File, Format Version 12.00
# Visual Studio Version 17
VisualStudioVersion = 17.11.35005.142
MinimumVisualStudioVersion = 10.0.40219.1
Project("{FAE04EC0-301F-11D3-BF4B-00C04F79EFBC}") = "DotNet8.Hangfire.Api", "DotNet8.Hangfire.Api\DotNet8.Hangfire.Api.csproj", "{003C6733-4783-452A-A25B-9548D09F05F8}"
EndProject
Global
	GlobalSection(SolutionConfigurationPlatforms) = preSolution
		Debug|Any CPU = Debug|Any CPU
		Release|Any CPU = Release|Any CPU
	EndGlobalSection
	GlobalSection(ProjectConfigurationPlatforms) = postSolution
		{003C6733-4783-452A-A25B-9548D09F05F8}.Debug|Any CPU.ActiveCfg = Debug|Any CPU
		{003C6733-4783-452A-A25B-9548D09F05F8}.Debug|Any CPU.Build.0 = Debug|Any CPU
		{003C6733-4783-452A-A25B-9548D09F05F8}.Release|Any CPU.ActiveCfg = Release|Any CPU
		{003C6733-4783-452A-A25B-9548D09F05F8}.Release|Any CPU.Build.0 = Release|Any CPU
	EndGlobalSection
	GlobalSection(SolutionProperties) = preSolution
		HideSolutionNode = FALSE
	EndGlobalSection
	GlobalSection(ExtensibilityGlobals) = postSolution
		SolutionGuid = {0180CE81-1857-4766-9091-92E22BBC4F82}
	EndGlobalSection
EndGlobal
